
Microsoft Visual Studio Solution File, Format Version 12.00
# Visual Studio Version 17
VisualStudioVersion = 17.9.34728.123
MinimumVisualStudioVersion = 10.0.40219.1
Project("{8BC9CEB8-8B4A-11D0-8D11-00A0C91BC942}") = "D3DEngine", "D3DExample.vcxproj", "{C0C87803-AA32-4481-A45A-757D2E059BE8}"
EndProject
Project("{8BC9CEB8-8B4A-11D0-8D11-00A0C91BC942}") = "Engine", "Engine\Engine.vcxproj", "{CD8523E1-65F3-4331-B773-B55D8AAA79C2}"
EndProject
Global
	GlobalSection(SolutionConfigurationPlatforms) = preSolution
		Debug|x64 = Debug|x64
		Release|x64 = Release|x64
	EndGlobalSection
	GlobalSection(ProjectConfigurationPlatforms) = postSolution
		{C0C87803-AA32-4481-A45A-757D2E059BE8}.Debug|x64.ActiveCfg = Debug|x64
		{C0C87803-AA32-4481-A45A-757D2E059BE8}.Debug|x64.Build.0 = Debug|x64
		{C0C87803-AA32-4481-A45A-757D2E059BE8}.Release|x64.ActiveCfg = Release|x64
		{C0C87803-AA32-4481-A45A-757D2E059BE8}.Release|x64.Build.0 = Release|x64
		{CD8523E1-65F3-4331-B773-B55D8AAA79C2}.Debug|x64.ActiveCfg = Debug|x64
		{CD8523E1-65F3-4331-B773-B55D8AAA79C2}.Debug|x64.Build.0 = Debug|x64
		{CD8523E1-65F3-4331-B773-B55D8AAA79C2}.Release|x64.ActiveCfg = Release|x64
		{CD8523E1-65F3-4331-B773-B55D8AAA79C2}.Release|x64.Build.0 = Release|x64
	EndGlobalSection
	GlobalSection(SolutionProperties) = preSolution
		HideSolutionNode = FALSE
	EndGlobalSection
	GlobalSection(ExtensibilityGlobals) = postSolution
		SolutionGuid = {7C4DD0DB-8F25-4D90-B6A5-A83A7B30894E}
	EndGlobalSection
EndGlobal
